// !$*UTF8*$!
{
	archiveVersion = 1;
	classes = {
	};
	objectVersion = 46;
	objects = {

/* Begin PBXBuildFile section */
		5DF23CC313D58D430092FC59 /* UIKit.framework in Frameworks */ = {isa = PBXBuildFile; fileRef = 5DF23CC213D58D430092FC59 /* UIKit.framework */; };
		5DF23CC513D58D430092FC59 /* Foundation.framework in Frameworks */ = {isa = PBXBuildFile; fileRef = 5DF23CC413D58D430092FC59 /* Foundation.framework */; };
		5DF23CC713D58D430092FC59 /* CoreGraphics.framework in Frameworks */ = {isa = PBXBuildFile; fileRef = 5DF23CC613D58D430092FC59 /* CoreGraphics.framework */; };
		5DF23CCD13D58D430092FC59 /* InfoPlist.strings in Resources */ = {isa = PBXBuildFile; fileRef = 5DF23CCB13D58D430092FC59 /* InfoPlist.strings */; };
		5DF23CD013D58D430092FC59 /* main.m in Sources */ = {isa = PBXBuildFile; fileRef = 5DF23CCF13D58D430092FC59 /* main.m */; };
		5DF23CD313D58D430092FC59 /* ioperAppDelegate.m in Sources */ = {isa = PBXBuildFile; fileRef = 5DF23CD213D58D430092FC59 /* ioperAppDelegate.m */; };
		5DF23CD613D58D430092FC59 /* MainWindow.xib in Resources */ = {isa = PBXBuildFile; fileRef = 5DF23CD413D58D430092FC59 /* MainWindow.xib */; };
/* End PBXBuildFile section */

/* Begin PBXFileReference section */
		5DF23CBE13D58D430092FC59 /* ioper.app */ = {isa = PBXFileReference; explicitFileType = wrapper.application; includeInIndex = 0; path = ioper.app; sourceTree = BUILT_PRODUCTS_DIR; };
		5DF23CC213D58D430092FC59 /* UIKit.framework */ = {isa = PBXFileReference; lastKnownFileType = wrapper.framework; name = UIKit.framework; path = System/Library/Frameworks/UIKit.framework; sourceTree = SDKROOT; };
		5DF23CC413D58D430092FC59 /* Foundation.framework */ = {isa = PBXFileReference; lastKnownFileType = wrapper.framework; name = Foundation.framework; path = System/Library/Frameworks/Foundation.framework; sourceTree = SDKROOT; };
		5DF23CC613D58D430092FC59 /* CoreGraphics.framework */ = {isa = PBXFileReference; lastKnownFileType = wrapper.framework; name = CoreGraphics.framework; path = System/Library/Frameworks/CoreGraphics.framework; sourceTree = SDKROOT; };
		5DF23CCA13D58D430092FC59 /* ioper-Info.plist */ = {isa = PBXFileReference; path = "ioper-Info.plist"; sourceTree = "<group>"; };
		5DF23CCC13D58D430092FC59 /* en */ = {isa = PBXFileReference; lastKnownFileType = text.plist.strings; name = en; path = en.lproj/InfoPlist.strings; sourceTree = "<group>"; };
		5DF23CCE13D58D430092FC59 /* ioper-Prefix.pch */ = {isa = PBXFileReference; path = "ioper-Prefix.pch"; sourceTree = "<group>"; };
		5DF23CCF13D58D430092FC59 /* main.m */ = {isa = PBXFileReference; lastKnownFileType = sourcecode.c.objc; path = main.m; sourceTree = "<group>"; };
		5DF23CD113D58D430092FC59 /* ioperAppDelegate.h */ = {isa = PBXFileReference; path = ioperAppDelegate.h; sourceTree = "<group>"; };
		5DF23CD213D58D430092FC59 /* ioperAppDelegate.m */ = {isa = PBXFileReference; lastKnownFileType = sourcecode.c.objc; path = ioperAppDelegate.m; sourceTree = "<group>"; };
		5DF23CD513D58D430092FC59 /* en */ = {isa = PBXFileReference; lastKnownFileType = file.xib; name = en; path = en.lproj/MainWindow.xib; sourceTree = "<group>"; };
/* End PBXFileReference section */

/* Begin PBXFrameworksBuildPhase section */
		5DF23CBB13D58D430092FC59 /* Frameworks */ = {
			isa = PBXFrameworksBuildPhase;
			buildActionMask = 2147483647;
			files = (
				5DF23CC313D58D430092FC59 /* UIKit.framework in Frameworks */,
				5DF23CC513D58D430092FC59 /* Foundation.framework in Frameworks */,
				5DF23CC713D58D430092FC59 /* CoreGraphics.framework in Frameworks */,
			);
			runOnlyForDeploymentPostprocessing = 0;
		};
/* End PBXFrameworksBuildPhase section */

/* Begin PBXGroup section */
		5DF23CB313D58D430092FC59 = {
			isa = PBXGroup;
			children = (
				5DF23CC813D58D430092FC59 /* ioper */,
				5DF23CC113D58D430092FC59 /* Frameworks */,
				5DF23CBF13D58D430092FC59 /* Products */,
			);
			sourceTree = "<group>";
		};
		5DF23CBF13D58D430092FC59 /* Products */ = {
			isa = PBXGroup;
			children = (
				5DF23CBE13D58D430092FC59 /* ioper.app */,
			);
			name = Products;
			sourceTree = "<group>";
		};
		5DF23CC113D58D430092FC59 /* Frameworks */ = {
			isa = PBXGroup;
			children = (
				5DF23CC213D58D430092FC59 /* UIKit.framework */,
				5DF23CC413D58D430092FC59 /* Foundation.framework */,
				5DF23CC613D58D430092FC59 /* CoreGraphics.framework */,
			);
			name = Frameworks;
			sourceTree = "<group>";
		};
		5DF23CC813D58D430092FC59 /* ioper */ = {
			isa = PBXGroup;
			children = (
				5DF23CD113D58D430092FC59 /* ioperAppDelegate.h */,
				5DF23CD213D58D430092FC59 /* ioperAppDelegate.m */,
				5DF23CD413D58D430092FC59 /* MainWindow.xib */,
				5DF23CC913D58D430092FC59 /* Supporting Files */,
			);
			path = ioper;
			sourceTree = "<group>";
		};
		5DF23CC913D58D430092FC59 /* Supporting Files */ = {
			isa = PBXGroup;
			children = (
				5DF23CCA13D58D430092FC59 /* ioper-Info.plist */,
				5DF23CCB13D58D430092FC59 /* InfoPlist.strings */,
				5DF23CCE13D58D430092FC59 /* ioper-Prefix.pch */,
				5DF23CCF13D58D430092FC59 /* main.m */,
			);
			name = "Supporting Files";
			sourceTree = "<group>";
		};
/* End PBXGroup section */

/* Begin PBXNativeTarget section */
		5DF23CBD13D58D430092FC59 /* ioper */ = {
			isa = PBXNativeTarget;
			buildConfigurationList = 5DF23CD913D58D430092FC59 /* Build configuration list for PBXNativeTarget "ioper" */;
			buildPhases = (
				5DF23CBA13D58D430092FC59 /* Sources */,
				5DF23CBB13D58D430092FC59 /* Frameworks */,
				5DF23CBC13D58D430092FC59 /* Resources */,
			);
			buildRules = (
			);
			dependencies = (
			);
			name = ioper;
			productName = ioper;
			productReference = 5DF23CBE13D58D430092FC59 /* ioper.app */;
			productType = "com.apple.product-type.application";
		};
/* End PBXNativeTarget section */

/* Begin PBXProject section */
		5DF23CB513D58D430092FC59 /* Project object */ = {
			isa = PBXProject;
			buildConfigurationList = 5DF23CB813D58D430092FC59 /* Build configuration list for PBXProject "ioper" */;
			compatibilityVersion = "Xcode 3.2";
			developmentRegion = English;
			hasScannedForEncodings = 0;
			knownRegions = (
				en,
			);
			mainGroup = 5DF23CB313D58D430092FC59;
			productRefGroup = 5DF23CBF13D58D430092FC59 /* Products */;
			projectDirPath = "";
			projectRoot = "";
			targets = (
				5DF23CBD13D58D430092FC59 /* ioper */,
			);
		};
/* End PBXProject section */

/* Begin PBXResourcesBuildPhase section */
		5DF23CBC13D58D430092FC59 /* Resources */ = {
			isa = PBXResourcesBuildPhase;
			buildActionMask = 2147483647;
			files = (
				5DF23CCD13D58D430092FC59 /* InfoPlist.strings in Resources */,
				5DF23CD613D58D430092FC59 /* MainWindow.xib in Resources */,
			);
			runOnlyForDeploymentPostprocessing = 0;
		};
/* End PBXResourcesBuildPhase section */

/* Begin PBXSourcesBuildPhase section */
		5DF23CBA13D58D430092FC59 /* Sources */ = {
			isa = PBXSourcesBuildPhase;
			buildActionMask = 2147483647;
			files = (
				5DF23CD013D58D430092FC59 /* main.m in Sources */,
				5DF23CD313D58D430092FC59 /* ioperAppDelegate.m in Sources */,
			);
			runOnlyForDeploymentPostprocessing = 0;
		};
/* End PBXSourcesBuildPhase section */

/* Begin PBXVariantGroup section */
		5DF23CCB13D58D430092FC59 /* InfoPlist.strings */ = {
			isa = PBXVariantGroup;
			children = (
				5DF23CCC13D58D430092FC59 /* en */,
			);
			name = InfoPlist.strings;
			sourceTree = "<group>";
		};
		5DF23CD413D58D430092FC59 /* MainWindow.xib */ = {
			isa = PBXVariantGroup;
			children = (
				5DF23CD513D58D430092FC59 /* en */,
			);
			name = MainWindow.xib;
			sourceTree = "<group>";
		};
/* End PBXVariantGroup section */

/* Begin XCBuildConfiguration section */
		5DF23CD713D58D430092FC59 /* Debug */ = {
			isa = XCBuildConfiguration;
			buildSettings = {
				ARCHS = "$(ARCHS_STANDARD_32_BIT)";
				"CODE_SIGN_IDENTITY[sdk=iphoneos*]" = "iPhone Developer";
				GCC_C_LANGUAGE_STANDARD = gnu99;
				GCC_OPTIMIZATION_LEVEL = 0;
				GCC_PREPROCESSOR_DEFINITIONS = DEBUG;
				GCC_SYMBOLS_PRIVATE_EXTERN = NO;
				GCC_VERSION = com.apple.compilers.llvmgcc42;
				GCC_WARN_ABOUT_RETURN_TYPE = YES;
				GCC_WARN_UNUSED_VARIABLE = YES;
				IPHONEOS_DEPLOYMENT_TARGET = 4.3;
				SDKROOT = iphoneos;
			};
			name = Debug;
		};
		5DF23CD813D58D430092FC59 /* Release */ = {
			isa = XCBuildConfiguration;
			buildSettings = {
				ARCHS = "$(ARCHS_STANDARD_32_BIT)";
				"CODE_SIGN_IDENTITY[sdk=iphoneos*]" = "iPhone Developer";
				GCC_C_LANGUAGE_STANDARD = gnu99;
				GCC_VERSION = com.apple.compilers.llvmgcc42;
				GCC_WARN_ABOUT_RETURN_TYPE = YES;
				GCC_WARN_UNUSED_VARIABLE = YES;
				IPHONEOS_DEPLOYMENT_TARGET = 4.3;
				OTHER_CFLAGS = "-DNS_BLOCK_ASSERTIONS=1";
				SDKROOT = iphoneos;
			};
			name = Release;
		};
		5DF23CDA13D58D430092FC59 /* Debug */ = {
			isa = XCBuildConfiguration;
			buildSettings = {
				ALWAYS_SEARCH_USER_PATHS = NO;
				COPY_PHASE_STRIP = NO;
				GCC_DYNAMIC_NO_PIC = NO;
				GCC_PRECOMPILE_PREFIX_HEADER = YES;
				GCC_PREFIX_HEADER = "ioper/ioper-Prefix.pch";
				INFOPLIST_FILE = "ioper/ioper-Info.plist";
				PRODUCT_NAME = "$(TARGET_NAME)";
				WRAPPER_EXTENSION = app;
			};
			name = Debug;
		};
		5DF23CDB13D58D430092FC59 /* Release */ = {
			isa = XCBuildConfiguration;
			buildSettings = {
				ALWAYS_SEARCH_USER_PATHS = NO;
				COPY_PHASE_STRIP = YES;
				GCC_PRECOMPILE_PREFIX_HEADER = YES;
				GCC_PREFIX_HEADER = "ioper/ioper-Prefix.pch";
				INFOPLIST_FILE = "ioper/ioper-Info.plist";
				PRODUCT_NAME = "$(TARGET_NAME)";
				VALIDATE_PRODUCT = YES;
				WRAPPER_EXTENSION = app;
			};
			name = Release;
		};
/* End XCBuildConfiguration section */

/* Begin XCConfigurationList section */
		5DF23CB813D58D430092FC59 /* Build configuration list for PBXProject "ioper" */ = {
			isa = XCConfigurationList;
			buildConfigurations = (
				5DF23CD713D58D430092FC59 /* Debug */,
				5DF23CD813D58D430092FC59 /* Release */,
			);
			defaultConfigurationIsVisible = 0;
			defaultConfigurationName = Release;
		};
		5DF23CD913D58D430092FC59 /* Build configuration list for PBXNativeTarget "ioper" */ = {
			isa = XCConfigurationList;
			buildConfigurations = (
				5DF23CDA13D58D430092FC59 /* Debug */,
				5DF23CDB13D58D430092FC59 /* Release */,
			);
			defaultConfigurationIsVisible = 0;
		};
/* End XCConfigurationList section */
	};
	rootObject = 5DF23CB513D58D430092FC59 /* Project object */;
}
