// !$*UTF8*$!
{
	archiveVersion = 1;
	classes = {
	};
	objectVersion = 46;
	objects = {

/* Begin PBXBuildFile section */
		5DF23C9113D58A6D0092FC59 /* UIKit.framework in Frameworks */ = {isa = PBXBuildFile; fileRef = 5DF23C9013D58A6D0092FC59 /* UIKit.framework */; };
		5DF23C9313D58A6D0092FC59 /* Foundation.framework in Frameworks */ = {isa = PBXBuildFile; fileRef = 5DF23C9213D58A6D0092FC59 /* Foundation.framework */; };
		5DF23C9513D58A6D0092FC59 /* CoreGraphics.framework in Frameworks */ = {isa = PBXBuildFile; fileRef = 5DF23C9413D58A6D0092FC59 /* CoreGraphics.framework */; };
		5DF23C9B13D58A6D0092FC59 /* InfoPlist.strings in Resources */ = {isa = PBXBuildFile; fileRef = 5DF23C9913D58A6D0092FC59 /* InfoPlist.strings */; };
		5DF23C9E13D58A6D0092FC59 /* main.m in Sources */ = {isa = PBXBuildFile; fileRef = 5DF23C9D13D58A6D0092FC59 /* main.m */; };
		5DF23CA113D58A6D0092FC59 /* operrrrAppDelegate.m in Sources */ = {isa = PBXBuildFile; fileRef = 5DF23CA013D58A6D0092FC59 /* operrrrAppDelegate.m */; };
		5DF23CA413D58A6D0092FC59 /* MainWindow.xib in Resources */ = {isa = PBXBuildFile; fileRef = 5DF23CA213D58A6D0092FC59 /* MainWindow.xib */; };
		5DF23CA713D58A6D0092FC59 /* operrrrViewController.m in Sources */ = {isa = PBXBuildFile; fileRef = 5DF23CA613D58A6D0092FC59 /* operrrrViewController.m */; };
		5DF23CAA13D58A6D0092FC59 /* operrrrViewController.xib in Resources */ = {isa = PBXBuildFile; fileRef = 5DF23CA813D58A6D0092FC59 /* operrrrViewController.xib */; };
/* End PBXBuildFile section */

/* Begin PBXFileReference section */
		5DF23C8C13D58A6D0092FC59 /* operrrr.app */ = {isa = PBXFileReference; explicitFileType = wrapper.application; includeInIndex = 0; path = operrrr.app; sourceTree = BUILT_PRODUCTS_DIR; };
		5DF23C9013D58A6D0092FC59 /* UIKit.framework */ = {isa = PBXFileReference; lastKnownFileType = wrapper.framework; name = UIKit.framework; path = System/Library/Frameworks/UIKit.framework; sourceTree = SDKROOT; };
		5DF23C9213D58A6D0092FC59 /* Foundation.framework */ = {isa = PBXFileReference; lastKnownFileType = wrapper.framework; name = Foundation.framework; path = System/Library/Frameworks/Foundation.framework; sourceTree = SDKROOT; };
		5DF23C9413D58A6D0092FC59 /* CoreGraphics.framework */ = {isa = PBXFileReference; lastKnownFileType = wrapper.framework; name = CoreGraphics.framework; path = System/Library/Frameworks/CoreGraphics.framework; sourceTree = SDKROOT; };
		5DF23C9813D58A6D0092FC59 /* operrrr-Info.plist */ = {isa = PBXFileReference; path = "operrrr-Info.plist"; sourceTree = "<group>"; };
		5DF23C9A13D58A6D0092FC59 /* en */ = {isa = PBXFileReference; lastKnownFileType = text.plist.strings; name = en; path = en.lproj/InfoPlist.strings; sourceTree = "<group>"; };
		5DF23C9C13D58A6D0092FC59 /* operrrr-Prefix.pch */ = {isa = PBXFileReference; path = "operrrr-Prefix.pch"; sourceTree = "<group>"; };
		5DF23C9D13D58A6D0092FC59 /* main.m */ = {isa = PBXFileReference; lastKnownFileType = sourcecode.c.objc; path = main.m; sourceTree = "<group>"; };
		5DF23C9F13D58A6D0092FC59 /* operrrrAppDelegate.h */ = {isa = PBXFileReference; path = operrrrAppDelegate.h; sourceTree = "<group>"; };
		5DF23CA013D58A6D0092FC59 /* operrrrAppDelegate.m */ = {isa = PBXFileReference; lastKnownFileType = sourcecode.c.objc; path = operrrrAppDelegate.m; sourceTree = "<group>"; };
		5DF23CA313D58A6D0092FC59 /* en */ = {isa = PBXFileReference; lastKnownFileType = file.xib; name = en; path = en.lproj/MainWindow.xib; sourceTree = "<group>"; };
		5DF23CA513D58A6D0092FC59 /* operrrrViewController.h */ = {isa = PBXFileReference; path = operrrrViewController.h; sourceTree = "<group>"; };
		5DF23CA613D58A6D0092FC59 /* operrrrViewController.m */ = {isa = PBXFileReference; lastKnownFileType = sourcecode.c.objc; path = operrrrViewController.m; sourceTree = "<group>"; };
		5DF23CA913D58A6D0092FC59 /* en */ = {isa = PBXFileReference; lastKnownFileType = file.xib; name = en; path = en.lproj/operrrrViewController.xib; sourceTree = "<group>"; };
/* End PBXFileReference section */

/* Begin PBXFrameworksBuildPhase section */
		5DF23C8913D58A6C0092FC59 /* Frameworks */ = {
			isa = PBXFrameworksBuildPhase;
			buildActionMask = 2147483647;
			files = (
				5DF23C9113D58A6D0092FC59 /* UIKit.framework in Frameworks */,
				5DF23C9313D58A6D0092FC59 /* Foundation.framework in Frameworks */,
				5DF23C9513D58A6D0092FC59 /* CoreGraphics.framework in Frameworks */,
			);
			runOnlyForDeploymentPostprocessing = 0;
		};
/* End PBXFrameworksBuildPhase section */

/* Begin PBXGroup section */
		5DF23C8113D58A6C0092FC59 = {
			isa = PBXGroup;
			children = (
				5DF23C9613D58A6D0092FC59 /* operrrr */,
				5DF23C8F13D58A6D0092FC59 /* Frameworks */,
				5DF23C8D13D58A6D0092FC59 /* Products */,
			);
			sourceTree = "<group>";
		};
		5DF23C8D13D58A6D0092FC59 /* Products */ = {
			isa = PBXGroup;
			children = (
				5DF23C8C13D58A6D0092FC59 /* operrrr.app */,
			);
			name = Products;
			sourceTree = "<group>";
		};
		5DF23C8F13D58A6D0092FC59 /* Frameworks */ = {
			isa = PBXGroup;
			children = (
				5DF23C9013D58A6D0092FC59 /* UIKit.framework */,
				5DF23C9213D58A6D0092FC59 /* Foundation.framework */,
				5DF23C9413D58A6D0092FC59 /* CoreGraphics.framework */,
			);
			name = Frameworks;
			sourceTree = "<group>";
		};
		5DF23C9613D58A6D0092FC59 /* operrrr */ = {
			isa = PBXGroup;
			children = (
				5DF23C9F13D58A6D0092FC59 /* operrrrAppDelegate.h */,
				5DF23CA013D58A6D0092FC59 /* operrrrAppDelegate.m */,
				5DF23CA213D58A6D0092FC59 /* MainWindow.xib */,
				5DF23CA513D58A6D0092FC59 /* operrrrViewController.h */,
				5DF23CA613D58A6D0092FC59 /* operrrrViewController.m */,
				5DF23CA813D58A6D0092FC59 /* operrrrViewController.xib */,
				5DF23C9713D58A6D0092FC59 /* Supporting Files */,
			);
			path = operrrr;
			sourceTree = "<group>";
		};
		5DF23C9713D58A6D0092FC59 /* Supporting Files */ = {
			isa = PBXGroup;
			children = (
				5DF23C9813D58A6D0092FC59 /* operrrr-Info.plist */,
				5DF23C9913D58A6D0092FC59 /* InfoPlist.strings */,
				5DF23C9C13D58A6D0092FC59 /* operrrr-Prefix.pch */,
				5DF23C9D13D58A6D0092FC59 /* main.m */,
			);
			name = "Supporting Files";
			sourceTree = "<group>";
		};
/* End PBXGroup section */

/* Begin PBXNativeTarget section */
		5DF23C8B13D58A6C0092FC59 /* operrrr */ = {
			isa = PBXNativeTarget;
			buildConfigurationList = 5DF23CAD13D58A6D0092FC59 /* Build configuration list for PBXNativeTarget "operrrr" */;
			buildPhases = (
				5DF23C8813D58A6C0092FC59 /* Sources */,
				5DF23C8913D58A6C0092FC59 /* Frameworks */,
				5DF23C8A13D58A6C0092FC59 /* Resources */,
			);
			buildRules = (
			);
			dependencies = (
			);
			name = operrrr;
			productName = operrrr;
			productReference = 5DF23C8C13D58A6D0092FC59 /* operrrr.app */;
			productType = "com.apple.product-type.application";
		};
/* End PBXNativeTarget section */

/* Begin PBXProject section */
		5DF23C8313D58A6C0092FC59 /* Project object */ = {
			isa = PBXProject;
			buildConfigurationList = 5DF23C8613D58A6C0092FC59 /* Build configuration list for PBXProject "operrrr" */;
			compatibilityVersion = "Xcode 3.2";
			developmentRegion = English;
			hasScannedForEncodings = 0;
			knownRegions = (
				en,
			);
			mainGroup = 5DF23C8113D58A6C0092FC59;
			productRefGroup = 5DF23C8D13D58A6D0092FC59 /* Products */;
			projectDirPath = "";
			projectRoot = "";
			targets = (
				5DF23C8B13D58A6C0092FC59 /* operrrr */,
			);
		};
/* End PBXProject section */

/* Begin PBXResourcesBuildPhase section */
		5DF23C8A13D58A6C0092FC59 /* Resources */ = {
			isa = PBXResourcesBuildPhase;
			buildActionMask = 2147483647;
			files = (
				5DF23C9B13D58A6D0092FC59 /* InfoPlist.strings in Resources */,
				5DF23CA413D58A6D0092FC59 /* MainWindow.xib in Resources */,
				5DF23CAA13D58A6D0092FC59 /* operrrrViewController.xib in Resources */,
			);
			runOnlyForDeploymentPostprocessing = 0;
		};
/* End PBXResourcesBuildPhase section */

/* Begin PBXSourcesBuildPhase section */
		5DF23C8813D58A6C0092FC59 /* Sources */ = {
			isa = PBXSourcesBuildPhase;
			buildActionMask = 2147483647;
			files = (
				5DF23C9E13D58A6D0092FC59 /* main.m in Sources */,
				5DF23CA113D58A6D0092FC59 /* operrrrAppDelegate.m in Sources */,
				5DF23CA713D58A6D0092FC59 /* operrrrViewController.m in Sources */,
			);
			runOnlyForDeploymentPostprocessing = 0;
		};
/* End PBXSourcesBuildPhase section */

/* Begin PBXVariantGroup section */
		5DF23C9913D58A6D0092FC59 /* InfoPlist.strings */ = {
			isa = PBXVariantGroup;
			children = (
				5DF23C9A13D58A6D0092FC59 /* en */,
			);
			name = InfoPlist.strings;
			sourceTree = "<group>";
		};
		5DF23CA213D58A6D0092FC59 /* MainWindow.xib */ = {
			isa = PBXVariantGroup;
			children = (
				5DF23CA313D58A6D0092FC59 /* en */,
			);
			name = MainWindow.xib;
			sourceTree = "<group>";
		};
		5DF23CA813D58A6D0092FC59 /* operrrrViewController.xib */ = {
			isa = PBXVariantGroup;
			children = (
				5DF23CA913D58A6D0092FC59 /* en */,
			);
			name = operrrrViewController.xib;
			sourceTree = "<group>";
		};
/* End PBXVariantGroup section */

/* Begin XCBuildConfiguration section */
		5DF23CAB13D58A6D0092FC59 /* Debug */ = {
			isa = XCBuildConfiguration;
			buildSettings = {
				ARCHS = "$(ARCHS_STANDARD_32_BIT)";
				"CODE_SIGN_IDENTITY[sdk=iphoneos*]" = "iPhone Developer";
				GCC_C_LANGUAGE_STANDARD = gnu99;
				GCC_OPTIMIZATION_LEVEL = 0;
				GCC_PREPROCESSOR_DEFINITIONS = DEBUG;
				GCC_SYMBOLS_PRIVATE_EXTERN = NO;
				GCC_VERSION = com.apple.compilers.llvmgcc42;
				GCC_WARN_ABOUT_RETURN_TYPE = YES;
				GCC_WARN_UNUSED_VARIABLE = YES;
				IPHONEOS_DEPLOYMENT_TARGET = 4.3;
				SDKROOT = iphoneos;
			};
			name = Debug;
		};
		5DF23CAC13D58A6D0092FC59 /* Release */ = {
			isa = XCBuildConfiguration;
			buildSettings = {
				ARCHS = "$(ARCHS_STANDARD_32_BIT)";
				"CODE_SIGN_IDENTITY[sdk=iphoneos*]" = "iPhone Developer";
				GCC_C_LANGUAGE_STANDARD = gnu99;
				GCC_VERSION = com.apple.compilers.llvmgcc42;
				GCC_WARN_ABOUT_RETURN_TYPE = YES;
				GCC_WARN_UNUSED_VARIABLE = YES;
				IPHONEOS_DEPLOYMENT_TARGET = 4.3;
				OTHER_CFLAGS = "-DNS_BLOCK_ASSERTIONS=1";
				SDKROOT = iphoneos;
			};
			name = Release;
		};
		5DF23CAE13D58A6D0092FC59 /* Debug */ = {
			isa = XCBuildConfiguration;
			buildSettings = {
				ALWAYS_SEARCH_USER_PATHS = NO;
				COPY_PHASE_STRIP = NO;
				GCC_DYNAMIC_NO_PIC = NO;
				GCC_PRECOMPILE_PREFIX_HEADER = YES;
				GCC_PREFIX_HEADER = "operrrr/operrrr-Prefix.pch";
				INFOPLIST_FILE = "operrrr/operrrr-Info.plist";
				PRODUCT_NAME = "$(TARGET_NAME)";
				WRAPPER_EXTENSION = app;
			};
			name = Debug;
		};
		5DF23CAF13D58A6D0092FC59 /* Release */ = {
			isa = XCBuildConfiguration;
			buildSettings = {
				ALWAYS_SEARCH_USER_PATHS = NO;
				COPY_PHASE_STRIP = YES;
				GCC_PRECOMPILE_PREFIX_HEADER = YES;
				GCC_PREFIX_HEADER = "operrrr/operrrr-Prefix.pch";
				INFOPLIST_FILE = "operrrr/operrrr-Info.plist";
				PRODUCT_NAME = "$(TARGET_NAME)";
				VALIDATE_PRODUCT = YES;
				WRAPPER_EXTENSION = app;
			};
			name = Release;
		};
/* End XCBuildConfiguration section */

/* Begin XCConfigurationList section */
		5DF23C8613D58A6C0092FC59 /* Build configuration list for PBXProject "operrrr" */ = {
			isa = XCConfigurationList;
			buildConfigurations = (
				5DF23CAB13D58A6D0092FC59 /* Debug */,
				5DF23CAC13D58A6D0092FC59 /* Release */,
			);
			defaultConfigurationIsVisible = 0;
			defaultConfigurationName = Release;
		};
		5DF23CAD13D58A6D0092FC59 /* Build configuration list for PBXNativeTarget "operrrr" */ = {
			isa = XCConfigurationList;
			buildConfigurations = (
				5DF23CAE13D58A6D0092FC59 /* Debug */,
				5DF23CAF13D58A6D0092FC59 /* Release */,
			);
			defaultConfigurationIsVisible = 0;
		};
/* End XCConfigurationList section */
	};
	rootObject = 5DF23C8313D58A6C0092FC59 /* Project object */;
}
